"""
Microsoft Visual Studio Solution File, Format Version 12.00
# Visual Studio Version 17
VisualStudioVersion = 17.6.33829.357
MinimumVisualStudioVersion = 10.0.40219.1
Project("{9A19103F-16F7-4668-BE54-9A1E7A4F7556}") = "SignalRApi", "SignalRApi\SignalRApi.csproj", "{DC57D1A5-AFB6-4029-B057-B5590E6B910E}"
EndProject
Project("{9A19103F-16F7-4668-BE54-9A1E7A4F7556}") = "SignalR.EntityLayer", "SignalR.EntityLayer\SignalR.EntityLayer.csproj", "{32858072-97CA-429E-A28D-3E6990B86E6A}"
EndProject
Project("{9A19103F-16F7-4668-BE54-9A1E7A4F7556}") = "SignalR.DataAccessLayer", "SignalR.DataAccessLayer\SignalR.DataAccessLayer.csproj", "{C5230F07-E792-44EC-A5B5-CE0B4D6975B7}"
EndProject
Project("{9A19103F-16F7-4668-BE54-9A1E7A4F7556}") = "SignalR.BusinessLayer", "SignalR.BusinessLayer\SignalR.BusinessLayer.csproj", "{40A66C73-9460-4759-A566-38B3EBC3D846}"
EndProject
Project("{9A19103F-16F7-4668-BE54-9A1E7A4F7556}") = "SignalR.DtoLayer", "SignalR.DtoLayer\SignalR.DtoLayer.csproj", "{EE30CAF4-671B-4FAA-944E-02E245E85B72}"
EndProject
Project("{9A19103F-16F7-4668-BE54-9A1E7A4F7556}") = "SignalRWebUI", "SignalRWebUI\SignalRWebUI.csproj", "{9A0A95B6-226B-4FF0-BA7C-9F2E547A9601}"
EndProject
Project("{9A19103F-16F7-4668-BE54-9A1E7A4F7556}") = "SignalR.BusinessLayer.Tests", "SignalR.BusinessLayer.Tests\SignalR.BusinessLayer.Tests.csproj", "{52A7B8C9-D0E1-4F2A-8B3C-4D5E6F7A8B9C}"
EndProject
Project("{9A19103F-16F7-4668-BE54-9A1E7A4F7556}") = "SignalR.DataAccessLayer.Tests", "SignalR.DataAccessLayer.Tests\SignalR.DataAccessLayer.Tests.csproj", "{A1B2C3D4-E5F6-4A7B-8C9D-0E1F2A3B4C5D}"
EndProject
Project("{9A19103F-16F7-4668-BE54-9A1E7A4F7556}") = "SignalRApi.Tests", "SignalRApi.Tests\SignalRApi.Tests.csproj", "{B5C6D7E8-F9A0-4B1C-2D3E-4F5A6B7C8D9E}"
EndProject
Project("{2150E333-8FDC-42A3-9474-1A3956D46DE8}") = "Triggers", "Triggers", "{F349DCF1-2325-4C9F-AF25-6D5DB44895D6}"
	ProjectSection(SolutionItems) = preProject
		Triggers.txt = Triggers.txt
	EndProjectSection
EndProject
Global
	GlobalSection(SolutionConfigurationPlatforms) = preSolution
		Debug|Any CPU = Debug|Any CPU
		Release|Any CPU = Release|Any CPU
	EndGlobalSection
	GlobalSection(ProjectConfigurationPlatforms) = postSolution
		{DC57D1A5-AFB6-4029-B057-B5590E6B910E}.Debug|Any CPU.ActiveCfg = Debug|Any CPU
		{DC57D1A5-AFB6-4029-B057-B5590E6B910E}.Debug|Any CPU.Build.0 = Debug|Any CPU
		{DC57D1A5-AFB6-4029-B057-B5590E6B910E}.Release|Any CPU.ActiveCfg = Release|Any CPU
		{DC57D1A5-AFB6-4029-B057-B5590E6B910E}.Release|Any CPU.Build.0 = Release|Any CPU
		{32858072-97CA-429E-A28D-3E6990B86E6A}.Debug|Any CPU.ActiveCfg = Debug|Any CPU
		{32858072-97CA-429E-A28D-3E6990B86E6A}.Debug|Any CPU.Build.0 = Debug|Any CPU
		{32858072-97CA-429E-A28D-3E6990B86E6A}.Release|Any CPU.ActiveCfg = Release|Any CPU
		{32858072-97CA-429E-A28D-3E6990B86E6A}.Release|Any CPU.Build.0 = Release|Any CPU
		{C5230F07-E792-44EC-A5B5-CE0B4D6975B7}.Debug|Any CPU.ActiveCfg = Debug|Any CPU
		{C5230F07-E792-44EC-A5B5-CE0B4D6975B7}.Debug|Any CPU.Build.0 = Debug|Any CPU
		{C5230F07-E792-44EC-A5B5-CE0B4D6975B7}.Release|Any CPU.ActiveCfg = Release|Any CPU
		{C5230F07-E792-44EC-A5B5-CE0B4D6975B7}.Release|Any CPU.Build.0 = Release|Any CPU
		{40A66C73-9460-4759-A566-38B3EBC3D846}.Debug|Any CPU.ActiveCfg = Debug|Any CPU
		{40A66C73-9460-4759-A566-38B3EBC3D846}.Debug|Any CPU.Build.0 = Debug|Any CPU
		{40A66C73-9460-4759-A566-38B3EBC3D846}.Release|Any CPU.ActiveCfg = Release|Any CPU
		{40A66C73-9460-4759-A566-38B3EBC3D846}.Release|Any CPU.Build.0 = Release|Any CPU
		{EE30CAF4-671B-4FAA-944E-02E245E85B72}.Debug|Any CPU.ActiveCfg = Debug|Any CPU
		{EE30CAF4-671B-4FAA-944E-02E245E85B72}.Debug|Any CPU.Build.0 = Debug|Any CPU
		{EE30CAF4-671B-4FAA-944E-02E245E85B72}.Release|Any CPU.ActiveCfg = Release|Any CPU
		{EE30CAF4-671B-4FAA-944E-02E245E85B72}.Release|Any CPU.Build.0 = Release|Any CPU
		{9A0A95B6-226B-4FF0-BA7C-9F2E547A9601}.Debug|Any CPU.ActiveCfg = Debug|Any CPU
		{9A0A95B6-226B-4FF0-BA7C-9F2E547A9601}.Debug|Any CPU.Build.0 = Debug|Any CPU
		{9A0A95B6-226B-4FF0-BA7C-9F2E547A9601}.Release|Any CPU.ActiveCfg = Release|Any CPU
		{9A0A95B6-226B-4FF0-BA7C-9F2E547A9601}.Release|Any CPU.Build.0 = Release|Any CPU
		{52A7B8C9-D0E1-4F2A-8B3C-4D5E6F7A8B9C}.Debug|Any CPU.ActiveCfg = Debug|Any CPU
		{52A7B8C9-D0E1-4F2A-8B3C-4D5E6F7A8B9C}.Debug|Any CPU.Build.0 = Debug|Any CPU
		{52A7B8C9-D0E1-4F2A-8B3C-4D5E6F7A8B9C}.Release|Any CPU.ActiveCfg = Release|Any CPU
		{52A7B8C9-D0E1-4F2A-8B3C-4D5E6F7A8B9C}.Release|Any CPU.Build.0 = Release|Any CPU
		{A1B2C3D4-E5F6-4A7B-8C9D-0E1F2A3B4C5D}.Debug|Any CPU.ActiveCfg = Debug|Any CPU
		{A1B2C3D4-E5F6-4A7B-8C9D-0E1F2A3B4C5D}.Debug|Any CPU.Build.0 = Debug|Any CPU
		{A1B2C3D4-E5F6-4A7B-8C9D-0E1F2A3B4C5D}.Release|Any CPU.ActiveCfg = Release|Any CPU
		{A1B2C3D4-E5F6-4A7B-8C9D-0E1F2A3B4C5D}.Release|Any CPU.Build.0 = Release|Any CPU
		{B5C6D7E8-F9A0-4B1C-2D3E-4F5A6B7C8D9E}.Debug|Any CPU.ActiveCfg = Debug|Any CPU
		{B5C6D7E8-F9A0-4B1C-2D3E-4F5A6B7C8D9E}.Debug|Any CPU.Build.0 = Debug|Any CPU
		{B5C6D7E8-F9A0-4B1C-2D3E-4F5A6B7C8D9E}.Release|Any CPU.ActiveCfg = Release|Any CPU
		{B5C6D7E8-F9A0-4B1C-2D3E-4F5A6B7C8D9E}.Release|Any CPU.Build.0 = Release|Any CPU
	EndGlobalSection
	GlobalSection(SolutionProperties) = preSolution
		HideSolutionNode = FALSE
	EndGlobalSection
	GlobalSection(ExtensibilityGlobals) = postSolution
		SolutionGuid = {AC35268C-8E68-4DFA-9BB3-5D9798EAED63}
	EndGlobalSection
EndGlobal
"""